
Microsoft Visual Studio Solution File, Format Version 12.00
# Visual Studio 15
VisualStudioVersion = 15.0.28307.106
MinimumVisualStudioVersion = 10.0.40219.1
Project("{FAE04EC0-301F-11D3-BF4B-00C04F79EFBC}") = "Proyecto_Clinica", "Proyecto_Clinica\Proyecto_Clinica.csproj", "{2D68ADBC-806C-4BF9-9413-991EA07ADD42}"
EndProject
Global
	GlobalSection(SolutionConfigurationPlatforms) = preSolution
		Debug|Any CPU = Debug|Any CPU
		Release|Any CPU = Release|Any CPU
	EndGlobalSection
	GlobalSection(ProjectConfigurationPlatforms) = postSolution
		{2D68ADBC-806C-4BF9-9413-991EA07ADD42}.Debug|Any CPU.ActiveCfg = Debug|Any CPU
		{2D68ADBC-806C-4BF9-9413-991EA07ADD42}.Debug|Any CPU.Build.0 = Debug|Any CPU
		{2D68ADBC-806C-4BF9-9413-991EA07ADD42}.Release|Any CPU.ActiveCfg = Release|Any CPU
		{2D68ADBC-806C-4BF9-9413-991EA07ADD42}.Release|Any CPU.Build.0 = Release|Any CPU
	EndGlobalSection
	GlobalSection(SolutionProperties) = preSolution
		HideSolutionNode = FALSE
	EndGlobalSection
	GlobalSection(ExtensibilityGlobals) = postSolution
		SolutionGuid = {E852B658-3804-4968-8A14-4BFBF86B3026}
	EndGlobalSection
EndGlobal
